// !$*UTF8*$!
{
	archiveVersion = 1;
	classes = {
	};
	objectVersion = 51;
	objects = {

/* Begin PBXBuildFile section */
		650357EE25B9DB9A00D60E06 /* CustomNavigationController.swift in Sources */ = {isa = PBXBuildFile; fileRef = 650357ED25B9DB9A00D60E06 /* CustomNavigationController.swift */; };
		650357F125B9DBE900D60E06 /* InteractiveManager.swift in Sources */ = {isa = PBXBuildFile; fileRef = 650357F025B9DBE900D60E06 /* InteractiveManager.swift */; };
		650357F425B9DC1B00D60E06 /* PopAnimator.swift in Sources */ = {isa = PBXBuildFile; fileRef = 650357F325B9DC1B00D60E06 /* PopAnimator.swift */; };
		650357F725B9DC7800D60E06 /* PushAnimator.swift in Sources */ = {isa = PBXBuildFile; fileRef = 650357F625B9DC7800D60E06 /* PushAnimator.swift */; };
		650357FA25B9DE8F00D60E06 /* SplashScreenController.swift in Sources */ = {isa = PBXBuildFile; fileRef = 650357F925B9DE8F00D60E06 /* SplashScreenController.swift */; };
		65045C3325CE503C00A6D6CD /* VKWebViewController.swift in Sources */ = {isa = PBXBuildFile; fileRef = 65045C3225CE503C00A6D6CD /* VKWebViewController.swift */; };
		65045C3625CE5C2600A6D6CD /* NetworkManager.swift in Sources */ = {isa = PBXBuildFile; fileRef = 65045C3525CE5C2600A6D6CD /* NetworkManager.swift */; };
		65045C4025CE88B100A6D6CD /* TestViewController.swift in Sources */ = {isa = PBXBuildFile; fileRef = 65045C3F25CE88B100A6D6CD /* TestViewController.swift */; };
		65275E0825E9985E00723C6B /* DatabaseGroups.swift in Sources */ = {isa = PBXBuildFile; fileRef = 65275E0725E9985E00723C6B /* DatabaseGroups.swift */; };
		652F72E025AEEF2C00B8C5A3 /* AppDelegate.swift in Sources */ = {isa = PBXBuildFile; fileRef = 652F72DF25AEEF2C00B8C5A3 /* AppDelegate.swift */; };
		652F72E225AEEF2C00B8C5A3 /* SceneDelegate.swift in Sources */ = {isa = PBXBuildFile; fileRef = 652F72E125AEEF2C00B8C5A3 /* SceneDelegate.swift */; };
		652F72E425AEEF2C00B8C5A3 /* LoginViewController.swift in Sources */ = {isa = PBXBuildFile; fileRef = 652F72E325AEEF2C00B8C5A3 /* LoginViewController.swift */; };
		652F72E725AEEF2C00B8C5A3 /* Main.storyboard in Resources */ = {isa = PBXBuildFile; fileRef = 652F72E525AEEF2C00B8C5A3 /* Main.storyboard */; };
		652F72E925AEEF2F00B8C5A3 /* Assets.xcassets in Resources */ = {isa = PBXBuildFile; fileRef = 652F72E825AEEF2F00B8C5A3 /* Assets.xcassets */; };
		652F72EC25AEEF2F00B8C5A3 /* LaunchScreen.storyboard in Resources */ = {isa = PBXBuildFile; fileRef = 652F72EA25AEEF2F00B8C5A3 /* LaunchScreen.storyboard */; };
		656B77BB25E6A78E008F9E2C /* DatabaseFriends.swift in Sources */ = {isa = PBXBuildFile; fileRef = 656B77BA25E6A78E008F9E2C /* DatabaseFriends.swift */; };
		6582C90E25B6F668004ACE2D /* AllGroupViewController.swift in Sources */ = {isa = PBXBuildFile; fileRef = 6582C90D25B6F668004ACE2D /* AllGroupViewController.swift */; };
		6582C91225B6F8EA004ACE2D /* MyGroupCell.swift in Sources */ = {isa = PBXBuildFile; fileRef = 6582C91125B6F8EA004ACE2D /* MyGroupCell.swift */; };
		6582C91625B6FBB9004ACE2D /* MyGroupViewController.swift in Sources */ = {isa = PBXBuildFile; fileRef = 6582C91525B6FBB9004ACE2D /* MyGroupViewController.swift */; };
		6582C91C25B70F7C004ACE2D /* AllGroupsCell.swift in Sources */ = {isa = PBXBuildFile; fileRef = 6582C91B25B70F7C004ACE2D /* AllGroupsCell.swift */; };
		6582C91F25B71EB9004ACE2D /* NewsViewController.swift in Sources */ = {isa = PBXBuildFile; fileRef = 6582C91E25B71EB9004ACE2D /* NewsViewController.swift */; };
		6582C92325B71F7F004ACE2D /* NewsViewCell.swift in Sources */ = {isa = PBXBuildFile; fileRef = 6582C92225B71F7F004ACE2D /* NewsViewCell.swift */; };
		6582C92625B72134004ACE2D /* PhotoView.swift in Sources */ = {isa = PBXBuildFile; fileRef = 6582C92525B72134004ACE2D /* PhotoView.swift */; };
		659FAE1A25B5FDD600D7DE30 /* LibraryPhotoViewController.swift in Sources */ = {isa = PBXBuildFile; fileRef = 659FAE1925B5FDD600D7DE30 /* LibraryPhotoViewController.swift */; };
		659FAE1E25B6028700D7DE30 /* FriendsCell.swift in Sources */ = {isa = PBXBuildFile; fileRef = 659FAE1D25B6028700D7DE30 /* FriendsCell.swift */; };
		659FAE2325B6035300D7DE30 /* CustomView.swift in Sources */ = {isa = PBXBuildFile; fileRef = 659FAE2225B6035300D7DE30 /* CustomView.swift */; };
		659FAE2725B6086600D7DE30 /* User.swift in Sources */ = {isa = PBXBuildFile; fileRef = 659FAE2625B6086600D7DE30 /* User.swift */; };
		659FAE2B25B60B7200D7DE30 /* LetterControl.swift in Sources */ = {isa = PBXBuildFile; fileRef = 659FAE2A25B60B7200D7DE30 /* LetterControl.swift */; };
		659FAE2E25B60E0A00D7DE30 /* PhotoFriendsCell.swift in Sources */ = {isa = PBXBuildFile; fileRef = 659FAE2D25B60E0A00D7DE30 /* PhotoFriendsCell.swift */; };
		659FAE3225B62DB800D7DE30 /* LikeControl.swift in Sources */ = {isa = PBXBuildFile; fileRef = 659FAE3125B62DB800D7DE30 /* LikeControl.swift */; };
		659FAE3525B6307700D7DE30 /* PresentPhotoViewController.swift in Sources */ = {isa = PBXBuildFile; fileRef = 659FAE3425B6307700D7DE30 /* PresentPhotoViewController.swift */; };
		659FAE3825B6356800D7DE30 /* Group.swift in Sources */ = {isa = PBXBuildFile; fileRef = 659FAE3725B6356800D7DE30 /* Group.swift */; };
		659FAE3B25B6357600D7DE30 /* News.swift in Sources */ = {isa = PBXBuildFile; fileRef = 659FAE3A25B6357600D7DE30 /* News.swift */; };
		65B4555825B476F7005CBDEF /* FriendsViewController.swift in Sources */ = {isa = PBXBuildFile; fileRef = 65B4555725B476F7005CBDEF /* FriendsViewController.swift */; };
		65B4555C25B477C7005CBDEF /* Cell.xib in Resources */ = {isa = PBXBuildFile; fileRef = 65B4555B25B477C7005CBDEF /* Cell.xib */; };
		65B4555F25B47961005CBDEF /* LibraryCell.xib in Resources */ = {isa = PBXBuildFile; fileRef = 65B4555E25B47961005CBDEF /* LibraryCell.xib */; };
		65B4556225B47B18005CBDEF /* NewsCell.xib in Resources */ = {isa = PBXBuildFile; fileRef = 65B4556125B47B18005CBDEF /* NewsCell.xib */; };
		65B944BD25EA24B0009FE5A3 /* DatabasePhoto.swift in Sources */ = {isa = PBXBuildFile; fileRef = 65B944BC25EA24B0009FE5A3 /* DatabasePhoto.swift */; };
		65DE686D25C68155007917C8 /* Session.swift in Sources */ = {isa = PBXBuildFile; fileRef = 65DE686C25C68155007917C8 /* Session.swift */; };
		65EB813725DF8F82003223AF /* ImageService.swift in Sources */ = {isa = PBXBuildFile; fileRef = 65EB813625DF8F82003223AF /* ImageService.swift */; };
		65EB813B25DFA825003223AF /* Responce.swift in Sources */ = {isa = PBXBuildFile; fileRef = 65EB813A25DFA825003223AF /* Responce.swift */; };
		65F1C72325DAA372009107CB /* Photo.swift in Sources */ = {isa = PBXBuildFile; fileRef = 65F1C72225DAA372009107CB /* Photo.swift */; };
		C7B540C7255FB7CEBB3D3085 /* Pods_VK_GeekBrains_MyApp.framework in Frameworks */ = {isa = PBXBuildFile; fileRef = 13801E1CEFE4D02654A1F50C /* Pods_VK_GeekBrains_MyApp.framework */; };
/* End PBXBuildFile section */

/* Begin PBXFileReference section */
		11736B8A8EC016E9C548AF8B /* Pods-VK_GeekBrains_MyApp.release.xcconfig */ = {isa = PBXFileReference; includeInIndex = 1; lastKnownFileType = text.xcconfig; name = "Pods-VK_GeekBrains_MyApp.release.xcconfig"; path = "Target Support Files/Pods-VK_GeekBrains_MyApp/Pods-VK_GeekBrains_MyApp.release.xcconfig"; sourceTree = "<group>"; };
		13801E1CEFE4D02654A1F50C /* Pods_VK_GeekBrains_MyApp.framework */ = {isa = PBXFileReference; explicitFileType = wrapper.framework; includeInIndex = 0; path = Pods_VK_GeekBrains_MyApp.framework; sourceTree = BUILT_PRODUCTS_DIR; };
		627CB24DB60AF60C54C341E9 /* Pods-VK_GeekBrains_MyApp.debug.xcconfig */ = {isa = PBXFileReference; includeInIndex = 1; lastKnownFileType = text.xcconfig; name = "Pods-VK_GeekBrains_MyApp.debug.xcconfig"; path = "Target Support Files/Pods-VK_GeekBrains_MyApp/Pods-VK_GeekBrains_MyApp.debug.xcconfig"; sourceTree = "<group>"; };
		650357ED25B9DB9A00D60E06 /* CustomNavigationController.swift */ = {isa = PBXFileReference; lastKnownFileType = sourcecode.swift; path = CustomNavigationController.swift; sourceTree = "<group>"; };
		650357F025B9DBE900D60E06 /* InteractiveManager.swift */ = {isa = PBXFileReference; lastKnownFileType = sourcecode.swift; path = InteractiveManager.swift; sourceTree = "<group>"; };
		650357F325B9DC1B00D60E06 /* PopAnimator.swift */ = {isa = PBXFileReference; lastKnownFileType = sourcecode.swift; path = PopAnimator.swift; sourceTree = "<group>"; };
		650357F625B9DC7800D60E06 /* PushAnimator.swift */ = {isa = PBXFileReference; lastKnownFileType = sourcecode.swift; path = PushAnimator.swift; sourceTree = "<group>"; };
		650357F925B9DE8F00D60E06 /* SplashScreenController.swift */ = {isa = PBXFileReference; lastKnownFileType = sourcecode.swift; path = SplashScreenController.swift; sourceTree = "<group>"; };
		65045C3225CE503C00A6D6CD /* VKWebViewController.swift */ = {isa = PBXFileReference; lastKnownFileType = sourcecode.swift; path = VKWebViewController.swift; sourceTree = "<group>"; };
		65045C3525CE5C2600A6D6CD /* NetworkManager.swift */ = {isa = PBXFileReference; lastKnownFileType = sourcecode.swift; path = NetworkManager.swift; sourceTree = "<group>"; };
		65045C3F25CE88B100A6D6CD /* TestViewController.swift */ = {isa = PBXFileReference; lastKnownFileType = sourcecode.swift; path = TestViewController.swift; sourceTree = "<group>"; };
		65275E0725E9985E00723C6B /* DatabaseGroups.swift */ = {isa = PBXFileReference; lastKnownFileType = sourcecode.swift; path = DatabaseGroups.swift; sourceTree = "<group>"; };
		652F72DC25AEEF2C00B8C5A3 /* VK_GeekBrains_MyApp.app */ = {isa = PBXFileReference; explicitFileType = wrapper.application; includeInIndex = 0; path = VK_GeekBrains_MyApp.app; sourceTree = BUILT_PRODUCTS_DIR; };
		652F72DF25AEEF2C00B8C5A3 /* AppDelegate.swift */ = {isa = PBXFileReference; lastKnownFileType = sourcecode.swift; path = AppDelegate.swift; sourceTree = "<group>"; };
		652F72E125AEEF2C00B8C5A3 /* SceneDelegate.swift */ = {isa = PBXFileReference; lastKnownFileType = sourcecode.swift; path = SceneDelegate.swift; sourceTree = "<group>"; };
		652F72E325AEEF2C00B8C5A3 /* LoginViewController.swift */ = {isa = PBXFileReference; lastKnownFileType = sourcecode.swift; path = LoginViewController.swift; sourceTree = "<group>"; };
		652F72E625AEEF2C00B8C5A3 /* Base */ = {isa = PBXFileReference; lastKnownFileType = file.storyboard; name = Base; path = Base.lproj/Main.storyboard; sourceTree = "<group>"; };
		652F72E825AEEF2F00B8C5A3 /* Assets.xcassets */ = {isa = PBXFileReference; lastKnownFileType = folder.assetcatalog; path = Assets.xcassets; sourceTree = "<group>"; };
		652F72EB25AEEF2F00B8C5A3 /* Base */ = {isa = PBXFileReference; lastKnownFileType = file.storyboard; name = Base; path = Base.lproj/LaunchScreen.storyboard; sourceTree = "<group>"; };
		652F72ED25AEEF2F00B8C5A3 /* Info.plist */ = {isa = PBXFileReference; lastKnownFileType = text.plist.xml; path = Info.plist; sourceTree = "<group>"; };
		656B77BA25E6A78E008F9E2C /* DatabaseFriends.swift */ = {isa = PBXFileReference; lastKnownFileType = sourcecode.swift; path = DatabaseFriends.swift; sourceTree = "<group>"; };
		6582C90D25B6F668004ACE2D /* AllGroupViewController.swift */ = {isa = PBXFileReference; lastKnownFileType = sourcecode.swift; path = AllGroupViewController.swift; sourceTree = "<group>"; };
		6582C91125B6F8EA004ACE2D /* MyGroupCell.swift */ = {isa = PBXFileReference; lastKnownFileType = sourcecode.swift; path = MyGroupCell.swift; sourceTree = "<group>"; };
		6582C91525B6FBB9004ACE2D /* MyGroupViewController.swift */ = {isa = PBXFileReference; lastKnownFileType = sourcecode.swift; path = MyGroupViewController.swift; sourceTree = "<group>"; };
		6582C91B25B70F7C004ACE2D /* AllGroupsCell.swift */ = {isa = PBXFileReference; lastKnownFileType = sourcecode.swift; path = AllGroupsCell.swift; sourceTree = "<group>"; };
		6582C91E25B71EB9004ACE2D /* NewsViewController.swift */ = {isa = PBXFileReference; lastKnownFileType = sourcecode.swift; path = NewsViewController.swift; sourceTree = "<group>"; };
		6582C92225B71F7F004ACE2D /* NewsViewCell.swift */ = {isa = PBXFileReference; lastKnownFileType = sourcecode.swift; path = NewsViewCell.swift; sourceTree = "<group>"; };
		6582C92525B72134004ACE2D /* PhotoView.swift */ = {isa = PBXFileReference; lastKnownFileType = sourcecode.swift; path = PhotoView.swift; sourceTree = "<group>"; };
		659FAE1925B5FDD600D7DE30 /* LibraryPhotoViewController.swift */ = {isa = PBXFileReference; lastKnownFileType = sourcecode.swift; path = LibraryPhotoViewController.swift; sourceTree = "<group>"; };
		659FAE1D25B6028700D7DE30 /* FriendsCell.swift */ = {isa = PBXFileReference; lastKnownFileType = sourcecode.swift; path = FriendsCell.swift; sourceTree = "<group>"; };
		659FAE2225B6035300D7DE30 /* CustomView.swift */ = {isa = PBXFileReference; lastKnownFileType = sourcecode.swift; path = CustomView.swift; sourceTree = "<group>"; };
		659FAE2625B6086600D7DE30 /* User.swift */ = {isa = PBXFileReference; lastKnownFileType = sourcecode.swift; path = User.swift; sourceTree = "<group>"; };
		659FAE2A25B60B7200D7DE30 /* LetterControl.swift */ = {isa = PBXFileReference; lastKnownFileType = sourcecode.swift; path = LetterControl.swift; sourceTree = "<group>"; };
		659FAE2D25B60E0A00D7DE30 /* PhotoFriendsCell.swift */ = {isa = PBXFileReference; lastKnownFileType = sourcecode.swift; path = PhotoFriendsCell.swift; sourceTree = "<group>"; };
		659FAE3125B62DB800D7DE30 /* LikeControl.swift */ = {isa = PBXFileReference; lastKnownFileType = sourcecode.swift; path = LikeControl.swift; sourceTree = "<group>"; };
		659FAE3425B6307700D7DE30 /* PresentPhotoViewController.swift */ = {isa = PBXFileReference; lastKnownFileType = sourcecode.swift; path = PresentPhotoViewController.swift; sourceTree = "<group>"; };
		659FAE3725B6356800D7DE30 /* Group.swift */ = {isa = PBXFileReference; lastKnownFileType = sourcecode.swift; path = Group.swift; sourceTree = "<group>"; };
		659FAE3A25B6357600D7DE30 /* News.swift */ = {isa = PBXFileReference; lastKnownFileType = sourcecode.swift; path = News.swift; sourceTree = "<group>"; };
		65B4555725B476F7005CBDEF /* FriendsViewController.swift */ = {isa = PBXFileReference; lastKnownFileType = sourcecode.swift; path = FriendsViewController.swift; sourceTree = "<group>"; };
		65B4555B25B477C7005CBDEF /* Cell.xib */ = {isa = PBXFileReference; lastKnownFileType = file.xib; path = Cell.xib; sourceTree = "<group>"; };
		65B4555E25B47961005CBDEF /* LibraryCell.xib */ = {isa = PBXFileReference; lastKnownFileType = file.xib; path = LibraryCell.xib; sourceTree = "<group>"; };
		65B4556125B47B18005CBDEF /* NewsCell.xib */ = {isa = PBXFileReference; lastKnownFileType = file.xib; path = NewsCell.xib; sourceTree = "<group>"; };
		65B944BC25EA24B0009FE5A3 /* DatabasePhoto.swift */ = {isa = PBXFileReference; lastKnownFileType = sourcecode.swift; path = DatabasePhoto.swift; sourceTree = "<group>"; };
		65DE686C25C68155007917C8 /* Session.swift */ = {isa = PBXFileReference; lastKnownFileType = sourcecode.swift; path = Session.swift; sourceTree = "<group>"; };
		65EB813625DF8F82003223AF /* ImageService.swift */ = {isa = PBXFileReference; lastKnownFileType = sourcecode.swift; path = ImageService.swift; sourceTree = "<group>"; };
		65EB813A25DFA825003223AF /* Responce.swift */ = {isa = PBXFileReference; lastKnownFileType = sourcecode.swift; path = Responce.swift; sourceTree = "<group>"; };
		65F1C72225DAA372009107CB /* Photo.swift */ = {isa = PBXFileReference; lastKnownFileType = sourcecode.swift; path = Photo.swift; sourceTree = "<group>"; };
/* End PBXFileReference section */

/* Begin PBXFrameworksBuildPhase section */
		652F72D925AEEF2C00B8C5A3 /* Frameworks */ = {
			isa = PBXFrameworksBuildPhase;
			buildActionMask = 2147483647;
			files = (
				C7B540C7255FB7CEBB3D3085 /* Pods_VK_GeekBrains_MyApp.framework in Frameworks */,
			);
			runOnlyForDeploymentPostprocessing = 0;
		};
/* End PBXFrameworksBuildPhase section */

/* Begin PBXGroup section */
		130F344DD92597B0B93247CF /* Frameworks */ = {
			isa = PBXGroup;
			children = (
				13801E1CEFE4D02654A1F50C /* Pods_VK_GeekBrains_MyApp.framework */,
			);
			name = Frameworks;
			sourceTree = "<group>";
		};
		20A4B4AF62EEAD17CEF3BB8B /* Pods */ = {
			isa = PBXGroup;
			children = (
				627CB24DB60AF60C54C341E9 /* Pods-VK_GeekBrains_MyApp.debug.xcconfig */,
				11736B8A8EC016E9C548AF8B /* Pods-VK_GeekBrains_MyApp.release.xcconfig */,
			);
			path = Pods;
			sourceTree = "<group>";
		};
		650357FC25B9E4F600D60E06 /* SplashScreen */ = {
			isa = PBXGroup;
			children = (
				650357F925B9DE8F00D60E06 /* SplashScreenController.swift */,
			);
			path = SplashScreen;
			sourceTree = "<group>";
		};
		652F72D325AEEF2C00B8C5A3 = {
			isa = PBXGroup;
			children = (
				652F72DE25AEEF2C00B8C5A3 /* VK_GeekBrains_MyApp */,
				652F72DD25AEEF2C00B8C5A3 /* Products */,
				20A4B4AF62EEAD17CEF3BB8B /* Pods */,
				130F344DD92597B0B93247CF /* Frameworks */,
			);
			sourceTree = "<group>";
		};
		652F72DD25AEEF2C00B8C5A3 /* Products */ = {
			isa = PBXGroup;
			children = (
				652F72DC25AEEF2C00B8C5A3 /* VK_GeekBrains_MyApp.app */,
			);
			name = Products;
			sourceTree = "<group>";
		};
		652F72DE25AEEF2C00B8C5A3 /* VK_GeekBrains_MyApp */ = {
			isa = PBXGroup;
			children = (
				656B77B925E6A756008F9E2C /* Realm */,
				65EB813525DF8F4E003223AF /* Network */,
				65EB812F25DF8ED4003223AF /* ViewControllers */,
				659FAE2125B602E800D7DE30 /* Custom */,
				65B4555A25B47788005CBDEF /* ReusableCell */,
				652F72F725AF057200B8C5A3 /* Model */,
				652F72DF25AEEF2C00B8C5A3 /* AppDelegate.swift */,
				652F72E125AEEF2C00B8C5A3 /* SceneDelegate.swift */,
				652F72E525AEEF2C00B8C5A3 /* Main.storyboard */,
				652F72E825AEEF2F00B8C5A3 /* Assets.xcassets */,
				652F72EA25AEEF2F00B8C5A3 /* LaunchScreen.storyboard */,
				652F72ED25AEEF2F00B8C5A3 /* Info.plist */,
				65045C3F25CE88B100A6D6CD /* TestViewController.swift */,
			);
			path = VK_GeekBrains_MyApp;
			sourceTree = "<group>";
		};
		652F72F725AF057200B8C5A3 /* Model */ = {
			isa = PBXGroup;
			children = (
				659FAE2625B6086600D7DE30 /* User.swift */,
				659FAE3725B6356800D7DE30 /* Group.swift */,
				659FAE3A25B6357600D7DE30 /* News.swift */,
				65F1C72225DAA372009107CB /* Photo.swift */,
				65EB813A25DFA825003223AF /* Responce.swift */,
			);
			path = Model;
			sourceTree = "<group>";
		};
		652F72F825AF057900B8C5A3 /* Friends */ = {
			isa = PBXGroup;
			children = (
				659FAE1C25B6024D00D7DE30 /* ViewCell */,
				65B4555725B476F7005CBDEF /* FriendsViewController.swift */,
				659FAE1925B5FDD600D7DE30 /* LibraryPhotoViewController.swift */,
				659FAE3425B6307700D7DE30 /* PresentPhotoViewController.swift */,
			);
			path = Friends;
			sourceTree = "<group>";
		};
		652F72F925AF058600B8C5A3 /* Groups */ = {
			isa = PBXGroup;
			children = (
				6582C91025B6F8BC004ACE2D /* ViewCell */,
				6582C90D25B6F668004ACE2D /* AllGroupViewController.swift */,
				6582C91525B6FBB9004ACE2D /* MyGroupViewController.swift */,
			);
			path = Groups;
			sourceTree = "<group>";
		};
		652F72FA25AF059700B8C5A3 /* News */ = {
			isa = PBXGroup;
			children = (
				6582C92125B71EFC004ACE2D /* ViewCell */,
				6582C91E25B71EB9004ACE2D /* NewsViewController.swift */,
			);
			path = News;
			sourceTree = "<group>";
		};
		656B77B925E6A756008F9E2C /* Realm */ = {
			isa = PBXGroup;
			children = (
				656B77BA25E6A78E008F9E2C /* DatabaseFriends.swift */,
				65275E0725E9985E00723C6B /* DatabaseGroups.swift */,
				65B944BC25EA24B0009FE5A3 /* DatabasePhoto.swift */,
			);
			path = Realm;
			sourceTree = "<group>";
		};
		6582C91025B6F8BC004ACE2D /* ViewCell */ = {
			isa = PBXGroup;
			children = (
				6582C91125B6F8EA004ACE2D /* MyGroupCell.swift */,
				6582C91B25B70F7C004ACE2D /* AllGroupsCell.swift */,
			);
			path = ViewCell;
			sourceTree = "<group>";
		};
		6582C92125B71EFC004ACE2D /* ViewCell */ = {
			isa = PBXGroup;
			children = (
				6582C92225B71F7F004ACE2D /* NewsViewCell.swift */,
				6582C92525B72134004ACE2D /* PhotoView.swift */,
			);
			path = ViewCell;
			sourceTree = "<group>";
		};
		659FAE1C25B6024D00D7DE30 /* ViewCell */ = {
			isa = PBXGroup;
			children = (
				659FAE1D25B6028700D7DE30 /* FriendsCell.swift */,
				659FAE2D25B60E0A00D7DE30 /* PhotoFriendsCell.swift */,
			);
			path = ViewCell;
			sourceTree = "<group>";
		};
		659FAE2125B602E800D7DE30 /* Custom */ = {
			isa = PBXGroup;
			children = (
				659FAE3D25B635AE00D7DE30 /* Navigation */,
				659FAE2225B6035300D7DE30 /* CustomView.swift */,
				659FAE2A25B60B7200D7DE30 /* LetterControl.swift */,
				659FAE3125B62DB800D7DE30 /* LikeControl.swift */,
			);
			path = Custom;
			sourceTree = "<group>";
		};
		659FAE3D25B635AE00D7DE30 /* Navigation */ = {
			isa = PBXGroup;
			children = (
				650357ED25B9DB9A00D60E06 /* CustomNavigationController.swift */,
				650357F025B9DBE900D60E06 /* InteractiveManager.swift */,
				650357F325B9DC1B00D60E06 /* PopAnimator.swift */,
				650357F625B9DC7800D60E06 /* PushAnimator.swift */,
			);
			path = Navigation;
			sourceTree = "<group>";
		};
		65B4555A25B47788005CBDEF /* ReusableCell */ = {
			isa = PBXGroup;
			children = (
				65B4555B25B477C7005CBDEF /* Cell.xib */,
				65B4555E25B47961005CBDEF /* LibraryCell.xib */,
				65B4556125B47B18005CBDEF /* NewsCell.xib */,
			);
			path = ReusableCell;
			sourceTree = "<group>";
		};
		65EB812F25DF8ED4003223AF /* ViewControllers */ = {
			isa = PBXGroup;
			children = (
				650357FC25B9E4F600D60E06 /* SplashScreen */,
				65EB813425DF8F23003223AF /* Login */,
				652F72F825AF057900B8C5A3 /* Friends */,
				652F72FA25AF059700B8C5A3 /* News */,
				652F72F925AF058600B8C5A3 /* Groups */,
			);
			path = ViewControllers;
			sourceTree = "<group>";
		};
		65EB813425DF8F23003223AF /* Login */ = {
			isa = PBXGroup;
			children = (
				65045C3225CE503C00A6D6CD /* VKWebViewController.swift */,
				652F72E325AEEF2C00B8C5A3 /* LoginViewController.swift */,
			);
			path = Login;
			sourceTree = "<group>";
		};
		65EB813525DF8F4E003223AF /* Network */ = {
			isa = PBXGroup;
			children = (
				65DE686C25C68155007917C8 /* Session.swift */,
				65045C3525CE5C2600A6D6CD /* NetworkManager.swift */,
				65EB813625DF8F82003223AF /* ImageService.swift */,
			);
			path = Network;
			sourceTree = "<group>";
		};
/* End PBXGroup section */

/* Begin PBXNativeTarget section */
		652F72DB25AEEF2C00B8C5A3 /* VK_GeekBrains_MyApp */ = {
			isa = PBXNativeTarget;
			buildConfigurationList = 652F72F025AEEF2F00B8C5A3 /* Build configuration list for PBXNativeTarget "VK_GeekBrains_MyApp" */;
			buildPhases = (
				91D5C8AF16C5063B9978E662 /* [CP] Check Pods Manifest.lock */,
				652F72D825AEEF2C00B8C5A3 /* Sources */,
				652F72D925AEEF2C00B8C5A3 /* Frameworks */,
				652F72DA25AEEF2C00B8C5A3 /* Resources */,
				63FD1A55E7528184734D760B /* [CP] Embed Pods Frameworks */,
			);
			buildRules = (
			);
			dependencies = (
			);
			name = VK_GeekBrains_MyApp;
			productName = VK_GeekBrains_MyApp;
			productReference = 652F72DC25AEEF2C00B8C5A3 /* VK_GeekBrains_MyApp.app */;
			productType = "com.apple.product-type.application";
		};
/* End PBXNativeTarget section */

/* Begin PBXProject section */
		652F72D425AEEF2C00B8C5A3 /* Project object */ = {
			isa = PBXProject;
			attributes = {
				LastSwiftUpdateCheck = 1220;
				LastUpgradeCheck = 1220;
				TargetAttributes = {
					652F72DB25AEEF2C00B8C5A3 = {
						CreatedOnToolsVersion = 12.2;
					};
				};
			};
			buildConfigurationList = 652F72D725AEEF2C00B8C5A3 /* Build configuration list for PBXProject "VK_GeekBrains_MyApp" */;
			compatibilityVersion = "Xcode 9.3";
			developmentRegion = en;
			hasScannedForEncodings = 0;
			knownRegions = (
				en,
				Base,
			);
			mainGroup = 652F72D325AEEF2C00B8C5A3;
			productRefGroup = 652F72DD25AEEF2C00B8C5A3 /* Products */;
			projectDirPath = "";
			projectRoot = "";
			targets = (
				652F72DB25AEEF2C00B8C5A3 /* VK_GeekBrains_MyApp */,
			);
		};
/* End PBXProject section */

/* Begin PBXResourcesBuildPhase section */
		652F72DA25AEEF2C00B8C5A3 /* Resources */ = {
			isa = PBXResourcesBuildPhase;
			buildActionMask = 2147483647;
			files = (
				65B4556225B47B18005CBDEF /* NewsCell.xib in Resources */,
				652F72EC25AEEF2F00B8C5A3 /* LaunchScreen.storyboard in Resources */,
				65B4555C25B477C7005CBDEF /* Cell.xib in Resources */,
				652F72E925AEEF2F00B8C5A3 /* Assets.xcassets in Resources */,
				65B4555F25B47961005CBDEF /* LibraryCell.xib in Resources */,
				652F72E725AEEF2C00B8C5A3 /* Main.storyboard in Resources */,
			);
			runOnlyForDeploymentPostprocessing = 0;
		};
/* End PBXResourcesBuildPhase section */

/* Begin PBXShellScriptBuildPhase section */
		63FD1A55E7528184734D760B /* [CP] Embed Pods Frameworks */ = {
			isa = PBXShellScriptBuildPhase;
			buildActionMask = 2147483647;
			files = (
			);
			inputFileListPaths = (
				"${PODS_ROOT}/Target Support Files/Pods-VK_GeekBrains_MyApp/Pods-VK_GeekBrains_MyApp-frameworks-${CONFIGURATION}-input-files.xcfilelist",
			);
			name = "[CP] Embed Pods Frameworks";
			outputFileListPaths = (
				"${PODS_ROOT}/Target Support Files/Pods-VK_GeekBrains_MyApp/Pods-VK_GeekBrains_MyApp-frameworks-${CONFIGURATION}-output-files.xcfilelist",
			);
			runOnlyForDeploymentPostprocessing = 0;
			shellPath = /bin/sh;
			shellScript = "\"${PODS_ROOT}/Target Support Files/Pods-VK_GeekBrains_MyApp/Pods-VK_GeekBrains_MyApp-frameworks.sh\"\n";
			showEnvVarsInLog = 0;
		};
		91D5C8AF16C5063B9978E662 /* [CP] Check Pods Manifest.lock */ = {
			isa = PBXShellScriptBuildPhase;
			buildActionMask = 2147483647;
			files = (
			);
			inputFileListPaths = (
			);
			inputPaths = (
				"${PODS_PODFILE_DIR_PATH}/Podfile.lock",
				"${PODS_ROOT}/Manifest.lock",
			);
			name = "[CP] Check Pods Manifest.lock";
			outputFileListPaths = (
			);
			outputPaths = (
				"$(DERIVED_FILE_DIR)/Pods-VK_GeekBrains_MyApp-checkManifestLockResult.txt",
			);
			runOnlyForDeploymentPostprocessing = 0;
			shellPath = /bin/sh;
			shellScript = "diff \"${PODS_PODFILE_DIR_PATH}/Podfile.lock\" \"${PODS_ROOT}/Manifest.lock\" > /dev/null\nif [ $? != 0 ] ; then\n    # print error to STDERR\n    echo \"error: The sandbox is not in sync with the Podfile.lock. Run 'pod install' or update your CocoaPods installation.\" >&2\n    exit 1\nfi\n# This output is used by Xcode 'outputs' to avoid re-running this script phase.\necho \"SUCCESS\" > \"${SCRIPT_OUTPUT_FILE_0}\"\n";
			showEnvVarsInLog = 0;
		};
/* End PBXShellScriptBuildPhase section */

/* Begin PBXSourcesBuildPhase section */
		652F72D825AEEF2C00B8C5A3 /* Sources */ = {
			isa = PBXSourcesBuildPhase;
			buildActionMask = 2147483647;
			files = (
				650357EE25B9DB9A00D60E06 /* CustomNavigationController.swift in Sources */,
				65EB813725DF8F82003223AF /* ImageService.swift in Sources */,
				65B4555825B476F7005CBDEF /* FriendsViewController.swift in Sources */,
				65045C3325CE503C00A6D6CD /* VKWebViewController.swift in Sources */,
				659FAE1E25B6028700D7DE30 /* FriendsCell.swift in Sources */,
				65EB813B25DFA825003223AF /* Responce.swift in Sources */,
				6582C91625B6FBB9004ACE2D /* MyGroupViewController.swift in Sources */,
				650357F725B9DC7800D60E06 /* PushAnimator.swift in Sources */,
				659FAE3525B6307700D7DE30 /* PresentPhotoViewController.swift in Sources */,
				6582C91225B6F8EA004ACE2D /* MyGroupCell.swift in Sources */,
				652F72E425AEEF2C00B8C5A3 /* LoginViewController.swift in Sources */,
				650357FA25B9DE8F00D60E06 /* SplashScreenController.swift in Sources */,
				65045C4025CE88B100A6D6CD /* TestViewController.swift in Sources */,
				659FAE3B25B6357600D7DE30 /* News.swift in Sources */,
				65275E0825E9985E00723C6B /* DatabaseGroups.swift in Sources */,
				6582C91F25B71EB9004ACE2D /* NewsViewController.swift in Sources */,
				650357F125B9DBE900D60E06 /* InteractiveManager.swift in Sources */,
				6582C90E25B6F668004ACE2D /* AllGroupViewController.swift in Sources */,
				65045C3625CE5C2600A6D6CD /* NetworkManager.swift in Sources */,
				6582C92625B72134004ACE2D /* PhotoView.swift in Sources */,
				65F1C72325DAA372009107CB /* Photo.swift in Sources */,
				65B944BD25EA24B0009FE5A3 /* DatabasePhoto.swift in Sources */,
				659FAE2325B6035300D7DE30 /* CustomView.swift in Sources */,
				659FAE2725B6086600D7DE30 /* User.swift in Sources */,
				65DE686D25C68155007917C8 /* Session.swift in Sources */,
				659FAE3825B6356800D7DE30 /* Group.swift in Sources */,
				652F72E025AEEF2C00B8C5A3 /* AppDelegate.swift in Sources */,
				659FAE2B25B60B7200D7DE30 /* LetterControl.swift in Sources */,
				659FAE1A25B5FDD600D7DE30 /* LibraryPhotoViewController.swift in Sources */,
				659FAE3225B62DB800D7DE30 /* LikeControl.swift in Sources */,
				659FAE2E25B60E0A00D7DE30 /* PhotoFriendsCell.swift in Sources */,
				6582C92325B71F7F004ACE2D /* NewsViewCell.swift in Sources */,
				652F72E225AEEF2C00B8C5A3 /* SceneDelegate.swift in Sources */,
				650357F425B9DC1B00D60E06 /* PopAnimator.swift in Sources */,
				656B77BB25E6A78E008F9E2C /* DatabaseFriends.swift in Sources */,
				6582C91C25B70F7C004ACE2D /* AllGroupsCell.swift in Sources */,
			);
			runOnlyForDeploymentPostprocessing = 0;
		};
/* End PBXSourcesBuildPhase section */

/* Begin PBXVariantGroup section */
		652F72E525AEEF2C00B8C5A3 /* Main.storyboard */ = {
			isa = PBXVariantGroup;
			children = (
				652F72E625AEEF2C00B8C5A3 /* Base */,
			);
			name = Main.storyboard;
			sourceTree = "<group>";
		};
		652F72EA25AEEF2F00B8C5A3 /* LaunchScreen.storyboard */ = {
			isa = PBXVariantGroup;
			children = (
				652F72EB25AEEF2F00B8C5A3 /* Base */,
			);
			name = LaunchScreen.storyboard;
			sourceTree = "<group>";
		};
/* End PBXVariantGroup section */

/* Begin XCBuildConfiguration section */
		652F72EE25AEEF2F00B8C5A3 /* Debug */ = {
			isa = XCBuildConfiguration;
			buildSettings = {
				ALWAYS_SEARCH_USER_PATHS = NO;
				CLANG_ANALYZER_NONNULL = YES;
				CLANG_ANALYZER_NUMBER_OBJECT_CONVERSION = YES_AGGRESSIVE;
				CLANG_CXX_LANGUAGE_STANDARD = "gnu++14";
				CLANG_CXX_LIBRARY = "libc++";
				CLANG_ENABLE_MODULES = YES;
				CLANG_ENABLE_OBJC_ARC = YES;
				CLANG_ENABLE_OBJC_WEAK = YES;
				CLANG_WARN_BLOCK_CAPTURE_AUTORELEASING = YES;
				CLANG_WARN_BOOL_CONVERSION = YES;
				CLANG_WARN_COMMA = YES;
				CLANG_WARN_CONSTANT_CONVERSION = YES;
				CLANG_WARN_DEPRECATED_OBJC_IMPLEMENTATIONS = YES;
				CLANG_WARN_DIRECT_OBJC_ISA_USAGE = YES_ERROR;
				CLANG_WARN_DOCUMENTATION_COMMENTS = YES;
				CLANG_WARN_EMPTY_BODY = YES;
				CLANG_WARN_ENUM_CONVERSION = YES;
				CLANG_WARN_INFINITE_RECURSION = YES;
				CLANG_WARN_INT_CONVERSION = YES;
				CLANG_WARN_NON_LITERAL_NULL_CONVERSION = YES;
				CLANG_WARN_OBJC_IMPLICIT_RETAIN_SELF = YES;
				CLANG_WARN_OBJC_LITERAL_CONVERSION = YES;
				CLANG_WARN_OBJC_ROOT_CLASS = YES_ERROR;
				CLANG_WARN_QUOTED_INCLUDE_IN_FRAMEWORK_HEADER = YES;
				CLANG_WARN_RANGE_LOOP_ANALYSIS = YES;
				CLANG_WARN_STRICT_PROTOTYPES = YES;
				CLANG_WARN_SUSPICIOUS_MOVE = YES;
				CLANG_WARN_UNGUARDED_AVAILABILITY = YES_AGGRESSIVE;
				CLANG_WARN_UNREACHABLE_CODE = YES;
				CLANG_WARN__DUPLICATE_METHOD_MATCH = YES;
				COPY_PHASE_STRIP = NO;
				DEBUG_INFORMATION_FORMAT = dwarf;
				ENABLE_STRICT_OBJC_MSGSEND = YES;
				ENABLE_TESTABILITY = YES;
				GCC_C_LANGUAGE_STANDARD = gnu11;
				GCC_DYNAMIC_NO_PIC = NO;
				GCC_NO_COMMON_BLOCKS = YES;
				GCC_OPTIMIZATION_LEVEL = 0;
				GCC_PREPROCESSOR_DEFINITIONS = (
					"DEBUG=1",
					"$(inherited)",
				);
				GCC_WARN_64_TO_32_BIT_CONVERSION = YES;
				GCC_WARN_ABOUT_RETURN_TYPE = YES_ERROR;
				GCC_WARN_UNDECLARED_SELECTOR = YES;
				GCC_WARN_UNINITIALIZED_AUTOS = YES_AGGRESSIVE;
				GCC_WARN_UNUSED_FUNCTION = YES;
				GCC_WARN_UNUSED_VARIABLE = YES;
				IPHONEOS_DEPLOYMENT_TARGET = 14.4;
				MTL_ENABLE_DEBUG_INFO = INCLUDE_SOURCE;
				MTL_FAST_MATH = YES;
				ONLY_ACTIVE_ARCH = YES;
				SDKROOT = iphoneos;
				SWIFT_ACTIVE_COMPILATION_CONDITIONS = DEBUG;
				SWIFT_OPTIMIZATION_LEVEL = "-Onone";
			};
			name = Debug;
		};
		652F72EF25AEEF2F00B8C5A3 /* Release */ = {
			isa = XCBuildConfiguration;
			buildSettings = {
				ALWAYS_SEARCH_USER_PATHS = NO;
				CLANG_ANALYZER_NONNULL = YES;
				CLANG_ANALYZER_NUMBER_OBJECT_CONVERSION = YES_AGGRESSIVE;
				CLANG_CXX_LANGUAGE_STANDARD = "gnu++14";
				CLANG_CXX_LIBRARY = "libc++";
				CLANG_ENABLE_MODULES = YES;
				CLANG_ENABLE_OBJC_ARC = YES;
				CLANG_ENABLE_OBJC_WEAK = YES;
				CLANG_WARN_BLOCK_CAPTURE_AUTORELEASING = YES;
				CLANG_WARN_BOOL_CONVERSION = YES;
				CLANG_WARN_COMMA = YES;
				CLANG_WARN_CONSTANT_CONVERSION = YES;
				CLANG_WARN_DEPRECATED_OBJC_IMPLEMENTATIONS = YES;
				CLANG_WARN_DIRECT_OBJC_ISA_USAGE = YES_ERROR;
				CLANG_WARN_DOCUMENTATION_COMMENTS = YES;
				CLANG_WARN_EMPTY_BODY = YES;
				CLANG_WARN_ENUM_CONVERSION = YES;
				CLANG_WARN_INFINITE_RECURSION = YES;
				CLANG_WARN_INT_CONVERSION = YES;
				CLANG_WARN_NON_LITERAL_NULL_CONVERSION = YES;
				CLANG_WARN_OBJC_IMPLICIT_RETAIN_SELF = YES;
				CLANG_WARN_OBJC_LITERAL_CONVERSION = YES;
				CLANG_WARN_OBJC_ROOT_CLASS = YES_ERROR;
				CLANG_WARN_QUOTED_INCLUDE_IN_FRAMEWORK_HEADER = YES;
				CLANG_WARN_RANGE_LOOP_ANALYSIS = YES;
				CLANG_WARN_STRICT_PROTOTYPES = YES;
				CLANG_WARN_SUSPICIOUS_MOVE = YES;
				CLANG_WARN_UNGUARDED_AVAILABILITY = YES_AGGRESSIVE;
				CLANG_WARN_UNREACHABLE_CODE = YES;
				CLANG_WARN__DUPLICATE_METHOD_MATCH = YES;
				COPY_PHASE_STRIP = NO;
				DEBUG_INFORMATION_FORMAT = "dwarf-with-dsym";
				ENABLE_NS_ASSERTIONS = NO;
				ENABLE_STRICT_OBJC_MSGSEND = YES;
				GCC_C_LANGUAGE_STANDARD = gnu11;
				GCC_NO_COMMON_BLOCKS = YES;
				GCC_WARN_64_TO_32_BIT_CONVERSION = YES;
				GCC_WARN_ABOUT_RETURN_TYPE = YES_ERROR;
				GCC_WARN_UNDECLARED_SELECTOR = YES;
				GCC_WARN_UNINITIALIZED_AUTOS = YES_AGGRESSIVE;
				GCC_WARN_UNUSED_FUNCTION = YES;
				GCC_WARN_UNUSED_VARIABLE = YES;
				IPHONEOS_DEPLOYMENT_TARGET = 14.4;
				MTL_ENABLE_DEBUG_INFO = NO;
				MTL_FAST_MATH = YES;
				SDKROOT = iphoneos;
				SWIFT_COMPILATION_MODE = wholemodule;
				SWIFT_OPTIMIZATION_LEVEL = "-O";
				VALIDATE_PRODUCT = YES;
			};
			name = Release;
		};
		652F72F125AEEF2F00B8C5A3 /* Debug */ = {
			isa = XCBuildConfiguration;
			baseConfigurationReference = 627CB24DB60AF60C54C341E9 /* Pods-VK_GeekBrains_MyApp.debug.xcconfig */;
			buildSettings = {
				ASSETCATALOG_COMPILER_APPICON_NAME = AppIcon;
				ASSETCATALOG_COMPILER_GLOBAL_ACCENT_COLOR_NAME = AccentColor;
				CODE_SIGN_STYLE = Automatic;
				DEVELOPMENT_TEAM = FW97N5F47X;
				INFOPLIST_FILE = VK_GeekBrains_MyApp/Info.plist;
				IPHONEOS_DEPLOYMENT_TARGET = 14.4;
				LD_RUNPATH_SEARCH_PATHS = (
					"$(inherited)",
					"@executable_path/Frameworks",
				);
				PRODUCT_BUNDLE_IDENTIFIER = "o.VK-GeekBrains-MyApp";
				PRODUCT_NAME = "$(TARGET_NAME)";
				SWIFT_VERSION = 5.0;
				TARGETED_DEVICE_FAMILY = "1,2";
			};
			name = Debug;
		};
		652F72F225AEEF2F00B8C5A3 /* Release */ = {
			isa = XCBuildConfiguration;
			baseConfigurationReference = 11736B8A8EC016E9C548AF8B /* Pods-VK_GeekBrains_MyApp.release.xcconfig */;
			buildSettings = {
				ASSETCATALOG_COMPILER_APPICON_NAME = AppIcon;
				ASSETCATALOG_COMPILER_GLOBAL_ACCENT_COLOR_NAME = AccentColor;
				CODE_SIGN_STYLE = Automatic;
				DEVELOPMENT_TEAM = FW97N5F47X;
				INFOPLIST_FILE = VK_GeekBrains_MyApp/Info.plist;
				IPHONEOS_DEPLOYMENT_TARGET = 14.4;
				LD_RUNPATH_SEARCH_PATHS = (
					"$(inherited)",
					"@executable_path/Frameworks",
				);
				PRODUCT_BUNDLE_IDENTIFIER = "o.VK-GeekBrains-MyApp";
				PRODUCT_NAME = "$(TARGET_NAME)";
				SWIFT_VERSION = 5.0;
				TARGETED_DEVICE_FAMILY = "1,2";
			};
			name = Release;
		};
/* End XCBuildConfiguration section */

/* Begin XCConfigurationList section */
		652F72D725AEEF2C00B8C5A3 /* Build configuration list for PBXProject "VK_GeekBrains_MyApp" */ = {
			isa = XCConfigurationList;
			buildConfigurations = (
				652F72EE25AEEF2F00B8C5A3 /* Debug */,
				652F72EF25AEEF2F00B8C5A3 /* Release */,
			);
			defaultConfigurationIsVisible = 0;
			defaultConfigurationName = Release;
		};
		652F72F025AEEF2F00B8C5A3 /* Build configuration list for PBXNativeTarget "VK_GeekBrains_MyApp" */ = {
			isa = XCConfigurationList;
			buildConfigurations = (
				652F72F125AEEF2F00B8C5A3 /* Debug */,
				652F72F225AEEF2F00B8C5A3 /* Release */,
			);
			defaultConfigurationIsVisible = 0;
			defaultConfigurationName = Release;
		};
/* End XCConfigurationList section */
	};
	rootObject = 652F72D425AEEF2C00B8C5A3 /* Project object */;
}
